
Microsoft Visual Studio Solution File, Format Version 12.00
# Visual Studio Version 16
VisualStudioVersion = 16.0.30711.63
MinimumVisualStudioVersion = 10.0.40219.1
Project("{9A19103F-16F7-4668-BE54-9A1E7A4F7556}") = "CourseManagment.Domain", "..\CourseManagment.Domain\CourseManagment.Domain.csproj", "{FA1EF69E-A2D2-48B2-8677-17723EA7FEA5}"
EndProject
Project("{FAE04EC0-301F-11D3-BF4B-00C04F79EFBC}") = "CourseManagment", "..\CourseManagment\CourseManagment.csproj", "{58FC6F40-3D44-4F29-A0EB-7EFF65157347}"
EndProject
Global
	GlobalSection(SolutionConfigurationPlatforms) = preSolution
		Debug|Any CPU = Debug|Any CPU
		Release|Any CPU = Release|Any CPU
	EndGlobalSection
	GlobalSection(ProjectConfigurationPlatforms) = postSolution
		{FA1EF69E-A2D2-48B2-8677-17723EA7FEA5}.Debug|Any CPU.ActiveCfg = Debug|Any CPU
		{FA1EF69E-A2D2-48B2-8677-17723EA7FEA5}.Debug|Any CPU.Build.0 = Debug|Any CPU
		{FA1EF69E-A2D2-48B2-8677-17723EA7FEA5}.Release|Any CPU.ActiveCfg = Release|Any CPU
		{FA1EF69E-A2D2-48B2-8677-17723EA7FEA5}.Release|Any CPU.Build.0 = Release|Any CPU
		{58FC6F40-3D44-4F29-A0EB-7EFF65157347}.Debug|Any CPU.ActiveCfg = Debug|Any CPU
		{58FC6F40-3D44-4F29-A0EB-7EFF65157347}.Debug|Any CPU.Build.0 = Debug|Any CPU
		{58FC6F40-3D44-4F29-A0EB-7EFF65157347}.Release|Any CPU.ActiveCfg = Release|Any CPU
		{58FC6F40-3D44-4F29-A0EB-7EFF65157347}.Release|Any CPU.Build.0 = Release|Any CPU
	EndGlobalSection
	GlobalSection(SolutionProperties) = preSolution
		HideSolutionNode = FALSE
	EndGlobalSection
	GlobalSection(ExtensibilityGlobals) = postSolution
		SolutionGuid = {BEE4840C-C0BB-4365-9F7F-AC37B815BB27}
	EndGlobalSection
EndGlobal
